{
  "name": "dripfiles",
  "version": "0.1.1",
  "lockfileVersion": 3,
  "requires": true,
  "packages": {
    "": {
      "name": "dripfiles",
      "version": "0.1.1",
      "license": "MIT",
      "bin": {
        "dripfiles": "bin/dripfiles.js"
      },
      "engines": {
        "node": ">=22"
      }
    }
  }
}
